
Microsoft Visual Studio Solution File, Format Version 12.00
# Visual Studio Version 16
VisualStudioVersion = 25.0.1700.0
MinimumVisualStudioVersion = 10.0.40219.1
Project("{FAE04EC0-301F-11D3-BF4B-00C04F79EFBC}") = "Customer.Api", "Customer.Api\Customer.Api.csproj", "{EF8059E4-5EA8-454A-8B94-7CC18FFA9FEE}"
EndProject
Project("{FAE04EC0-301F-11D3-BF4B-00C04F79EFBC}") = "Customer.Domain", "Customer.Domain\Customer.Domain.csproj", "{B7CE643C-3072-4C55-8032-7F79EB820C53}"
EndProject
Project("{FAE04EC0-301F-11D3-BF4B-00C04F79EFBC}") = "Customer.CrossCutting", "Customer.CrossCutting\Customer.CrossCutting.csproj", "{3CBFCF37-A30C-4790-8614-84CCCC59DA34}"
EndProject
Project("{FAE04EC0-301F-11D3-BF4B-00C04F79EFBC}") = "Customer.Infra", "Customer.Infra\Customer.Infra.csproj", "{4804CB42-60F3-43BE-A708-3A589C898AD5}"
EndProject
Project("{FAE04EC0-301F-11D3-BF4B-00C04F79EFBC}") = "Customer.Tests", "Customer.Tests\Customer.Tests.csproj", "{4A146644-4FC5-426B-8A6B-FDA1716163B9}"
EndProject
Global
	GlobalSection(SolutionConfigurationPlatforms) = preSolution
		Debug|Any CPU = Debug|Any CPU
		Release|Any CPU = Release|Any CPU
	EndGlobalSection
	GlobalSection(ProjectConfigurationPlatforms) = postSolution
		{EF8059E4-5EA8-454A-8B94-7CC18FFA9FEE}.Debug|Any CPU.ActiveCfg = Debug|Any CPU
		{EF8059E4-5EA8-454A-8B94-7CC18FFA9FEE}.Debug|Any CPU.Build.0 = Debug|Any CPU
		{EF8059E4-5EA8-454A-8B94-7CC18FFA9FEE}.Release|Any CPU.ActiveCfg = Release|Any CPU
		{EF8059E4-5EA8-454A-8B94-7CC18FFA9FEE}.Release|Any CPU.Build.0 = Release|Any CPU
		{B7CE643C-3072-4C55-8032-7F79EB820C53}.Debug|Any CPU.ActiveCfg = Debug|Any CPU
		{B7CE643C-3072-4C55-8032-7F79EB820C53}.Debug|Any CPU.Build.0 = Debug|Any CPU
		{B7CE643C-3072-4C55-8032-7F79EB820C53}.Release|Any CPU.ActiveCfg = Release|Any CPU
		{B7CE643C-3072-4C55-8032-7F79EB820C53}.Release|Any CPU.Build.0 = Release|Any CPU
		{3CBFCF37-A30C-4790-8614-84CCCC59DA34}.Debug|Any CPU.ActiveCfg = Debug|Any CPU
		{3CBFCF37-A30C-4790-8614-84CCCC59DA34}.Debug|Any CPU.Build.0 = Debug|Any CPU
		{3CBFCF37-A30C-4790-8614-84CCCC59DA34}.Release|Any CPU.ActiveCfg = Release|Any CPU
		{3CBFCF37-A30C-4790-8614-84CCCC59DA34}.Release|Any CPU.Build.0 = Release|Any CPU
		{4804CB42-60F3-43BE-A708-3A589C898AD5}.Debug|Any CPU.ActiveCfg = Debug|Any CPU
		{4804CB42-60F3-43BE-A708-3A589C898AD5}.Debug|Any CPU.Build.0 = Debug|Any CPU
		{4804CB42-60F3-43BE-A708-3A589C898AD5}.Release|Any CPU.ActiveCfg = Release|Any CPU
		{4804CB42-60F3-43BE-A708-3A589C898AD5}.Release|Any CPU.Build.0 = Release|Any CPU
		{4A146644-4FC5-426B-8A6B-FDA1716163B9}.Debug|Any CPU.ActiveCfg = Debug|Any CPU
		{4A146644-4FC5-426B-8A6B-FDA1716163B9}.Debug|Any CPU.Build.0 = Debug|Any CPU
		{4A146644-4FC5-426B-8A6B-FDA1716163B9}.Release|Any CPU.ActiveCfg = Release|Any CPU
		{4A146644-4FC5-426B-8A6B-FDA1716163B9}.Release|Any CPU.Build.0 = Release|Any CPU
	EndGlobalSection
	GlobalSection(SolutionProperties) = preSolution
		HideSolutionNode = FALSE
	EndGlobalSection
	GlobalSection(ExtensibilityGlobals) = postSolution
		SolutionGuid = {94ECE25B-B27D-4707-BE68-64C9445599DA}
	EndGlobalSection
EndGlobal
